
Microsoft Visual Studio Solution File, Format Version 12.00
# Visual Studio 14
VisualStudioVersion = 14.0.25420.1
MinimumVisualStudioVersion = 10.0.40219.1
Project("{FAE04EC0-301F-11D3-BF4B-00C04F79EFBC}") = "dotnetTestingDemo", "dotnetTestingDemo\dotnetTestingDemo.csproj", "{1D48D32F-B65B-4BE6-A724-005B6F3D5D05}"
EndProject
Project("{FAE04EC0-301F-11D3-BF4B-00C04F79EFBC}") = "dotnetTestingDemo.Tests", "dotnetTestingDemo.Tests\dotnetTestingDemo.Tests.csproj", "{E93E2049-953A-4EC4-91A2-37D495E40382}"
EndProject
Project("{FAE04EC0-301F-11D3-BF4B-00C04F79EFBC}") = "Accounting", "Accounting\Accounting.csproj", "{3B035D8A-F660-4330-910B-676C68B1BD2E}"
EndProject
Project("{FAE04EC0-301F-11D3-BF4B-00C04F79EFBC}") = "Accounting.Tests", "Accounting.Tests\Accounting.Tests.csproj", "{2E3DF5C2-8A38-4A03-86D7-8D463C917E47}"
EndProject
Global
	GlobalSection(SolutionConfigurationPlatforms) = preSolution
		Debug|Any CPU = Debug|Any CPU
		Release|Any CPU = Release|Any CPU
	EndGlobalSection
	GlobalSection(ProjectConfigurationPlatforms) = postSolution
		{1D48D32F-B65B-4BE6-A724-005B6F3D5D05}.Debug|Any CPU.ActiveCfg = Debug|Any CPU
		{1D48D32F-B65B-4BE6-A724-005B6F3D5D05}.Debug|Any CPU.Build.0 = Debug|Any CPU
		{1D48D32F-B65B-4BE6-A724-005B6F3D5D05}.Release|Any CPU.ActiveCfg = Release|Any CPU
		{1D48D32F-B65B-4BE6-A724-005B6F3D5D05}.Release|Any CPU.Build.0 = Release|Any CPU
		{E93E2049-953A-4EC4-91A2-37D495E40382}.Debug|Any CPU.ActiveCfg = Debug|Any CPU
		{E93E2049-953A-4EC4-91A2-37D495E40382}.Debug|Any CPU.Build.0 = Debug|Any CPU
		{E93E2049-953A-4EC4-91A2-37D495E40382}.Release|Any CPU.ActiveCfg = Release|Any CPU
		{E93E2049-953A-4EC4-91A2-37D495E40382}.Release|Any CPU.Build.0 = Release|Any CPU
		{3B035D8A-F660-4330-910B-676C68B1BD2E}.Debug|Any CPU.ActiveCfg = Debug|Any CPU
		{3B035D8A-F660-4330-910B-676C68B1BD2E}.Debug|Any CPU.Build.0 = Debug|Any CPU
		{3B035D8A-F660-4330-910B-676C68B1BD2E}.Release|Any CPU.ActiveCfg = Release|Any CPU
		{3B035D8A-F660-4330-910B-676C68B1BD2E}.Release|Any CPU.Build.0 = Release|Any CPU
		{2E3DF5C2-8A38-4A03-86D7-8D463C917E47}.Debug|Any CPU.ActiveCfg = Debug|Any CPU
		{2E3DF5C2-8A38-4A03-86D7-8D463C917E47}.Debug|Any CPU.Build.0 = Debug|Any CPU
		{2E3DF5C2-8A38-4A03-86D7-8D463C917E47}.Release|Any CPU.ActiveCfg = Release|Any CPU
		{2E3DF5C2-8A38-4A03-86D7-8D463C917E47}.Release|Any CPU.Build.0 = Release|Any CPU
	EndGlobalSection
	GlobalSection(SolutionProperties) = preSolution
		HideSolutionNode = FALSE
	EndGlobalSection
EndGlobal
